// !$*UTF8*$!
{
	archiveVersion = 1;
	classes = {
	};
	objectVersion = 46;
	objects = {

/* Begin PBXBuildFile section */
		56F5E5DA1BA47EA200665E2E /* main.m in Sources */ = {isa = PBXBuildFile; fileRef = 56F5E5D91BA47EA200665E2E /* main.m */; };
		56F5E5DD1BA47EA200665E2E /* AppDelegate.m in Sources */ = {isa = PBXBuildFile; fileRef = 56F5E5DC1BA47EA200665E2E /* AppDelegate.m */; };
		56F5E5E01BA47EA200665E2E /* streampoint.xcdatamodeld in Sources */ = {isa = PBXBuildFile; fileRef = 56F5E5DE1BA47EA200665E2E /* streampoint.xcdatamodeld */; };
		56F5E5E31BA47EA200665E2E /* ViewController.m in Sources */ = {isa = PBXBuildFile; fileRef = 56F5E5E21BA47EA200665E2E /* ViewController.m */; };
		56F5E5E61BA47EA200665E2E /* Main.storyboard in Resources */ = {isa = PBXBuildFile; fileRef = 56F5E5E41BA47EA200665E2E /* Main.storyboard */; };
		56F5E5E81BA47EA200665E2E /* Images.xcassets in Resources */ = {isa = PBXBuildFile; fileRef = 56F5E5E71BA47EA200665E2E /* Images.xcassets */; };
		56F5E5EB1BA47EA200665E2E /* LaunchScreen.xib in Resources */ = {isa = PBXBuildFile; fileRef = 56F5E5E91BA47EA200665E2E /* LaunchScreen.xib */; };
		56F5E5F71BA47EA200665E2E /* streampointTests.m in Sources */ = {isa = PBXBuildFile; fileRef = 56F5E5F61BA47EA200665E2E /* streampointTests.m */; };
		56F5E6011BA4BE9300665E2E /* SpeechKit.framework in Frameworks */ = {isa = PBXBuildFile; fileRef = 56F5E6001BA4BE9300665E2E /* SpeechKit.framework */; };
		56F5E64A1BA51A5500665E2E /* AudioToolbox.framework in Frameworks */ = {isa = PBXBuildFile; fileRef = 56F5E6491BA51A5500665E2E /* AudioToolbox.framework */; };
		56F5E64C1BA51A5C00665E2E /* AVFoundation.framework in Frameworks */ = {isa = PBXBuildFile; fileRef = 56F5E64B1BA51A5C00665E2E /* AVFoundation.framework */; };
		56F5E6541BA51A8200665E2E /* Security.framework in Frameworks */ = {isa = PBXBuildFile; fileRef = 56F5E6531BA51A8200665E2E /* Security.framework */; };
		56F5E6561BA51A8E00665E2E /* SystemConfiguration.framework in Frameworks */ = {isa = PBXBuildFile; fileRef = 56F5E6551BA51A8E00665E2E /* SystemConfiguration.framework */; };
		56F5E6581BA51A9600665E2E /* CFNetwork.framework in Frameworks */ = {isa = PBXBuildFile; fileRef = 56F5E6571BA51A9600665E2E /* CFNetwork.framework */; };
		56F5E65A1BA524B100665E2E /* appicon 2.png in Resources */ = {isa = PBXBuildFile; fileRef = 56F5E6591BA524B100665E2E /* appicon 2.png */; };
		56F5E65C1BA527D400665E2E /* splash screen.png in Resources */ = {isa = PBXBuildFile; fileRef = 56F5E65B1BA527D400665E2E /* splash screen.png */; };
		56F5E6621BA531B700665E2E /* SocketSend.m in Sources */ = {isa = PBXBuildFile; fileRef = 56F5E6611BA531B700665E2E /* SocketSend.m */; };
		56F5E6641BA5321D00665E2E /* Foundation.framework in Frameworks */ = {isa = PBXBuildFile; fileRef = 56F5E6631BA5321D00665E2E /* Foundation.framework */; };
		56F5E6661BA55B4600665E2E /* input.png in Resources */ = {isa = PBXBuildFile; fileRef = 56F5E6651BA55B4600665E2E /* input.png */; };
/* End PBXBuildFile section */

/* Begin PBXContainerItemProxy section */
		56F5E5F11BA47EA200665E2E /* PBXContainerItemProxy */ = {
			isa = PBXContainerItemProxy;
			containerPortal = 56F5E5CC1BA47EA200665E2E /* Project object */;
			proxyType = 1;
			remoteGlobalIDString = 56F5E5D31BA47EA200665E2E;
			remoteInfo = streampoint;
		};
/* End PBXContainerItemProxy section */

/* Begin PBXFileReference section */
		56F5E5D41BA47EA200665E2E /* streampoint.app */ = {isa = PBXFileReference; explicitFileType = wrapper.application; includeInIndex = 0; path = streampoint.app; sourceTree = BUILT_PRODUCTS_DIR; };
		56F5E5D81BA47EA200665E2E /* Info.plist */ = {isa = PBXFileReference; lastKnownFileType = text.plist.xml; path = Info.plist; sourceTree = "<group>"; };
		56F5E5D91BA47EA200665E2E /* main.m */ = {isa = PBXFileReference; lastKnownFileType = sourcecode.c.objc; path = main.m; sourceTree = "<group>"; };
		56F5E5DB1BA47EA200665E2E /* AppDelegate.h */ = {isa = PBXFileReference; lastKnownFileType = sourcecode.c.h; path = AppDelegate.h; sourceTree = "<group>"; };
		56F5E5DC1BA47EA200665E2E /* AppDelegate.m */ = {isa = PBXFileReference; lastKnownFileType = sourcecode.c.objc; path = AppDelegate.m; sourceTree = "<group>"; };
		56F5E5DF1BA47EA200665E2E /* streampoint.xcdatamodel */ = {isa = PBXFileReference; lastKnownFileType = wrapper.xcdatamodel; path = streampoint.xcdatamodel; sourceTree = "<group>"; };
		56F5E5E11BA47EA200665E2E /* ViewController.h */ = {isa = PBXFileReference; lastKnownFileType = sourcecode.c.h; path = ViewController.h; sourceTree = "<group>"; };
		56F5E5E21BA47EA200665E2E /* ViewController.m */ = {isa = PBXFileReference; lastKnownFileType = sourcecode.c.objc; path = ViewController.m; sourceTree = "<group>"; };
		56F5E5E51BA47EA200665E2E /* Base */ = {isa = PBXFileReference; lastKnownFileType = file.storyboard; name = Base; path = Base.lproj/Main.storyboard; sourceTree = "<group>"; };
		56F5E5E71BA47EA200665E2E /* Images.xcassets */ = {isa = PBXFileReference; lastKnownFileType = folder.assetcatalog; path = Images.xcassets; sourceTree = "<group>"; };
		56F5E5EA1BA47EA200665E2E /* Base */ = {isa = PBXFileReference; lastKnownFileType = file.xib; name = Base; path = Base.lproj/LaunchScreen.xib; sourceTree = "<group>"; };
		56F5E5F01BA47EA200665E2E /* streampointTests.xctest */ = {isa = PBXFileReference; explicitFileType = wrapper.cfbundle; includeInIndex = 0; path = streampointTests.xctest; sourceTree = BUILT_PRODUCTS_DIR; };
		56F5E5F51BA47EA200665E2E /* Info.plist */ = {isa = PBXFileReference; lastKnownFileType = text.plist.xml; path = Info.plist; sourceTree = "<group>"; };
		56F5E5F61BA47EA200665E2E /* streampointTests.m */ = {isa = PBXFileReference; lastKnownFileType = sourcecode.c.objc; path = streampointTests.m; sourceTree = "<group>"; };
		56F5E6001BA4BE9300665E2E /* SpeechKit.framework */ = {isa = PBXFileReference; lastKnownFileType = wrapper.framework; name = SpeechKit.framework; path = ../../../../Downloads/DragonMobileSDK_1.4.19/SpeechKit.framework; sourceTree = "<group>"; };
		56F5E6491BA51A5500665E2E /* AudioToolbox.framework */ = {isa = PBXFileReference; lastKnownFileType = wrapper.framework; name = AudioToolbox.framework; path = System/Library/Frameworks/AudioToolbox.framework; sourceTree = SDKROOT; };
		56F5E64B1BA51A5C00665E2E /* AVFoundation.framework */ = {isa = PBXFileReference; lastKnownFileType = wrapper.framework; name = AVFoundation.framework; path = System/Library/Frameworks/AVFoundation.framework; sourceTree = SDKROOT; };
		56F5E64D1BA51A6800665E2E /* CoreAudioKit.framework */ = {isa = PBXFileReference; lastKnownFileType = wrapper.framework; name = CoreAudioKit.framework; path = System/Library/Frameworks/CoreAudioKit.framework; sourceTree = SDKROOT; };
		56F5E64F1BA51A6F00665E2E /* CoreAudio.framework */ = {isa = PBXFileReference; lastKnownFileType = wrapper.framework; name = CoreAudio.framework; path = System/Library/Frameworks/CoreAudio.framework; sourceTree = SDKROOT; };
		56F5E6511BA51A7900665E2E /* AudioUnit.framework */ = {isa = PBXFileReference; lastKnownFileType = wrapper.framework; name = AudioUnit.framework; path = System/Library/Frameworks/AudioUnit.framework; sourceTree = SDKROOT; };
		56F5E6531BA51A8200665E2E /* Security.framework */ = {isa = PBXFileReference; lastKnownFileType = wrapper.framework; name = Security.framework; path = System/Library/Frameworks/Security.framework; sourceTree = SDKROOT; };
		56F5E6551BA51A8E00665E2E /* SystemConfiguration.framework */ = {isa = PBXFileReference; lastKnownFileType = wrapper.framework; name = SystemConfiguration.framework; path = System/Library/Frameworks/SystemConfiguration.framework; sourceTree = SDKROOT; };
		56F5E6571BA51A9600665E2E /* CFNetwork.framework */ = {isa = PBXFileReference; lastKnownFileType = wrapper.framework; name = CFNetwork.framework; path = System/Library/Frameworks/CFNetwork.framework; sourceTree = SDKROOT; };
		56F5E6591BA524B100665E2E /* appicon 2.png */ = {isa = PBXFileReference; lastKnownFileType = image.png; name = "appicon 2.png"; path = "../../../assets/appicon 2.png"; sourceTree = "<group>"; };
		56F5E65B1BA527D400665E2E /* splash screen.png */ = {isa = PBXFileReference; lastKnownFileType = image.png; name = "splash screen.png"; path = "../../../assets/splash screen.png"; sourceTree = "<group>"; };
		56F5E6601BA531B700665E2E /* SocketSend.h */ = {isa = PBXFileReference; fileEncoding = 4; lastKnownFileType = sourcecode.c.h; name = SocketSend.h; path = ../SocketSend.h; sourceTree = "<group>"; };
		56F5E6611BA531B700665E2E /* SocketSend.m */ = {isa = PBXFileReference; fileEncoding = 4; lastKnownFileType = sourcecode.c.objc; name = SocketSend.m; path = ../SocketSend.m; sourceTree = "<group>"; };
		56F5E6631BA5321D00665E2E /* Foundation.framework */ = {isa = PBXFileReference; lastKnownFileType = wrapper.framework; name = Foundation.framework; path = System/Library/Frameworks/Foundation.framework; sourceTree = SDKROOT; };
		56F5E6651BA55B4600665E2E /* input.png */ = {isa = PBXFileReference; lastKnownFileType = image.png; name = input.png; path = ../../../assets/input.png; sourceTree = "<group>"; };
/* End PBXFileReference section */

/* Begin PBXFrameworksBuildPhase section */
		56F5E5D11BA47EA200665E2E /* Frameworks */ = {
			isa = PBXFrameworksBuildPhase;
			buildActionMask = 2147483647;
			files = (
				56F5E6641BA5321D00665E2E /* Foundation.framework in Frameworks */,
				56F5E64A1BA51A5500665E2E /* AudioToolbox.framework in Frameworks */,
				56F5E64C1BA51A5C00665E2E /* AVFoundation.framework in Frameworks */,
				56F5E6541BA51A8200665E2E /* Security.framework in Frameworks */,
				56F5E6561BA51A8E00665E2E /* SystemConfiguration.framework in Frameworks */,
				56F5E6581BA51A9600665E2E /* CFNetwork.framework in Frameworks */,
				56F5E6011BA4BE9300665E2E /* SpeechKit.framework in Frameworks */,
			);
			runOnlyForDeploymentPostprocessing = 0;
		};
		56F5E5ED1BA47EA200665E2E /* Frameworks */ = {
			isa = PBXFrameworksBuildPhase;
			buildActionMask = 2147483647;
			files = (
			);
			runOnlyForDeploymentPostprocessing = 0;
		};
/* End PBXFrameworksBuildPhase section */

/* Begin PBXGroup section */
		56F5E5CB1BA47EA200665E2E = {
			isa = PBXGroup;
			children = (
				56F5E6631BA5321D00665E2E /* Foundation.framework */,
				56F5E6571BA51A9600665E2E /* CFNetwork.framework */,
				56F5E6551BA51A8E00665E2E /* SystemConfiguration.framework */,
				56F5E6531BA51A8200665E2E /* Security.framework */,
				56F5E6511BA51A7900665E2E /* AudioUnit.framework */,
				56F5E64F1BA51A6F00665E2E /* CoreAudio.framework */,
				56F5E64D1BA51A6800665E2E /* CoreAudioKit.framework */,
				56F5E64B1BA51A5C00665E2E /* AVFoundation.framework */,
				56F5E6491BA51A5500665E2E /* AudioToolbox.framework */,
				56F5E6001BA4BE9300665E2E /* SpeechKit.framework */,
				56F5E5D61BA47EA200665E2E /* streampoint */,
				56F5E5F31BA47EA200665E2E /* streampointTests */,
				56F5E5D51BA47EA200665E2E /* Products */,
			);
			sourceTree = "<group>";
		};
		56F5E5D51BA47EA200665E2E /* Products */ = {
			isa = PBXGroup;
			children = (
				56F5E5D41BA47EA200665E2E /* streampoint.app */,
				56F5E5F01BA47EA200665E2E /* streampointTests.xctest */,
			);
			name = Products;
			sourceTree = "<group>";
		};
		56F5E5D61BA47EA200665E2E /* streampoint */ = {
			isa = PBXGroup;
			children = (
				56F5E5DB1BA47EA200665E2E /* AppDelegate.h */,
				56F5E5DC1BA47EA200665E2E /* AppDelegate.m */,
				56F5E5E11BA47EA200665E2E /* ViewController.h */,
				56F5E5E21BA47EA200665E2E /* ViewController.m */,
				56F5E6601BA531B700665E2E /* SocketSend.h */,
				56F5E6611BA531B700665E2E /* SocketSend.m */,
				56F5E5E41BA47EA200665E2E /* Main.storyboard */,
				56F5E6651BA55B4600665E2E /* input.png */,
				56F5E6591BA524B100665E2E /* appicon 2.png */,
				56F5E5E71BA47EA200665E2E /* Images.xcassets */,
				56F5E5E91BA47EA200665E2E /* LaunchScreen.xib */,
				56F5E65B1BA527D400665E2E /* splash screen.png */,
				56F5E5DE1BA47EA200665E2E /* streampoint.xcdatamodeld */,
				56F5E5D71BA47EA200665E2E /* Supporting Files */,
			);
			path = streampoint;
			sourceTree = "<group>";
		};
		56F5E5D71BA47EA200665E2E /* Supporting Files */ = {
			isa = PBXGroup;
			children = (
				56F5E5D81BA47EA200665E2E /* Info.plist */,
				56F5E5D91BA47EA200665E2E /* main.m */,
			);
			name = "Supporting Files";
			sourceTree = "<group>";
		};
		56F5E5F31BA47EA200665E2E /* streampointTests */ = {
			isa = PBXGroup;
			children = (
				56F5E5F61BA47EA200665E2E /* streampointTests.m */,
				56F5E5F41BA47EA200665E2E /* Supporting Files */,
			);
			path = streampointTests;
			sourceTree = "<group>";
		};
		56F5E5F41BA47EA200665E2E /* Supporting Files */ = {
			isa = PBXGroup;
			children = (
				56F5E5F51BA47EA200665E2E /* Info.plist */,
			);
			name = "Supporting Files";
			sourceTree = "<group>";
		};
/* End PBXGroup section */

/* Begin PBXNativeTarget section */
		56F5E5D31BA47EA200665E2E /* streampoint */ = {
			isa = PBXNativeTarget;
			buildConfigurationList = 56F5E5FA1BA47EA200665E2E /* Build configuration list for PBXNativeTarget "streampoint" */;
			buildPhases = (
				56F5E5D01BA47EA200665E2E /* Sources */,
				56F5E5D11BA47EA200665E2E /* Frameworks */,
				56F5E5D21BA47EA200665E2E /* Resources */,
			);
			buildRules = (
			);
			dependencies = (
			);
			name = streampoint;
			productName = streampoint;
			productReference = 56F5E5D41BA47EA200665E2E /* streampoint.app */;
			productType = "com.apple.product-type.application";
		};
		56F5E5EF1BA47EA200665E2E /* streampointTests */ = {
			isa = PBXNativeTarget;
			buildConfigurationList = 56F5E5FD1BA47EA200665E2E /* Build configuration list for PBXNativeTarget "streampointTests" */;
			buildPhases = (
				56F5E5EC1BA47EA200665E2E /* Sources */,
				56F5E5ED1BA47EA200665E2E /* Frameworks */,
				56F5E5EE1BA47EA200665E2E /* Resources */,
			);
			buildRules = (
			);
			dependencies = (
				56F5E5F21BA47EA200665E2E /* PBXTargetDependency */,
			);
			name = streampointTests;
			productName = streampointTests;
			productReference = 56F5E5F01BA47EA200665E2E /* streampointTests.xctest */;
			productType = "com.apple.product-type.bundle.unit-test";
		};
/* End PBXNativeTarget section */

/* Begin PBXProject section */
		56F5E5CC1BA47EA200665E2E /* Project object */ = {
			isa = PBXProject;
			attributes = {
				LastUpgradeCheck = 0640;
				ORGANIZATIONNAME = MAKE;
				TargetAttributes = {
					56F5E5D31BA47EA200665E2E = {
						CreatedOnToolsVersion = 6.4;
						DevelopmentTeam = C2MNEVAM4L;
					};
					56F5E5EF1BA47EA200665E2E = {
						CreatedOnToolsVersion = 6.4;
						TestTargetID = 56F5E5D31BA47EA200665E2E;
					};
				};
			};
			buildConfigurationList = 56F5E5CF1BA47EA200665E2E /* Build configuration list for PBXProject "streampoint" */;
			compatibilityVersion = "Xcode 3.2";
			developmentRegion = English;
			hasScannedForEncodings = 0;
			knownRegions = (
				en,
				Base,
			);
			mainGroup = 56F5E5CB1BA47EA200665E2E;
			productRefGroup = 56F5E5D51BA47EA200665E2E /* Products */;
			projectDirPath = "";
			projectRoot = "";
			targets = (
				56F5E5D31BA47EA200665E2E /* streampoint */,
				56F5E5EF1BA47EA200665E2E /* streampointTests */,
			);
		};
/* End PBXProject section */

/* Begin PBXResourcesBuildPhase section */
		56F5E5D21BA47EA200665E2E /* Resources */ = {
			isa = PBXResourcesBuildPhase;
			buildActionMask = 2147483647;
			files = (
				56F5E65A1BA524B100665E2E /* appicon 2.png in Resources */,
				56F5E5E61BA47EA200665E2E /* Main.storyboard in Resources */,
				56F5E6661BA55B4600665E2E /* input.png in Resources */,
				56F5E5EB1BA47EA200665E2E /* LaunchScreen.xib in Resources */,
				56F5E5E81BA47EA200665E2E /* Images.xcassets in Resources */,
				56F5E65C1BA527D400665E2E /* splash screen.png in Resources */,
			);
			runOnlyForDeploymentPostprocessing = 0;
		};
		56F5E5EE1BA47EA200665E2E /* Resources */ = {
			isa = PBXResourcesBuildPhase;
			buildActionMask = 2147483647;
			files = (
			);
			runOnlyForDeploymentPostprocessing = 0;
		};
/* End PBXResourcesBuildPhase section */

/* Begin PBXSourcesBuildPhase section */
		56F5E5D01BA47EA200665E2E /* Sources */ = {
			isa = PBXSourcesBuildPhase;
			buildActionMask = 2147483647;
			files = (
				56F5E6621BA531B700665E2E /* SocketSend.m in Sources */,
				56F5E5DD1BA47EA200665E2E /* AppDelegate.m in Sources */,
				56F5E5E01BA47EA200665E2E /* streampoint.xcdatamodeld in Sources */,
				56F5E5E31BA47EA200665E2E /* ViewController.m in Sources */,
				56F5E5DA1BA47EA200665E2E /* main.m in Sources */,
			);
			runOnlyForDeploymentPostprocessing = 0;
		};
		56F5E5EC1BA47EA200665E2E /* Sources */ = {
			isa = PBXSourcesBuildPhase;
			buildActionMask = 2147483647;
			files = (
				56F5E5F71BA47EA200665E2E /* streampointTests.m in Sources */,
			);
			runOnlyForDeploymentPostprocessing = 0;
		};
/* End PBXSourcesBuildPhase section */

/* Begin PBXTargetDependency section */
		56F5E5F21BA47EA200665E2E /* PBXTargetDependency */ = {
			isa = PBXTargetDependency;
			target = 56F5E5D31BA47EA200665E2E /* streampoint */;
			targetProxy = 56F5E5F11BA47EA200665E2E /* PBXContainerItemProxy */;
		};
/* End PBXTargetDependency section */

/* Begin PBXVariantGroup section */
		56F5E5E41BA47EA200665E2E /* Main.storyboard */ = {
			isa = PBXVariantGroup;
			children = (
				56F5E5E51BA47EA200665E2E /* Base */,
			);
			name = Main.storyboard;
			sourceTree = "<group>";
		};
		56F5E5E91BA47EA200665E2E /* LaunchScreen.xib */ = {
			isa = PBXVariantGroup;
			children = (
				56F5E5EA1BA47EA200665E2E /* Base */,
			);
			name = LaunchScreen.xib;
			sourceTree = "<group>";
		};
/* End PBXVariantGroup section */

/* Begin XCBuildConfiguration section */
		56F5E5F81BA47EA200665E2E /* Debug */ = {
			isa = XCBuildConfiguration;
			buildSettings = {
				ALWAYS_SEARCH_USER_PATHS = NO;
				CLANG_CXX_LANGUAGE_STANDARD = "gnu++0x";
				CLANG_CXX_LIBRARY = "libc++";
				CLANG_ENABLE_MODULES = YES;
				CLANG_ENABLE_OBJC_ARC = YES;
				CLANG_WARN_BOOL_CONVERSION = YES;
				CLANG_WARN_CONSTANT_CONVERSION = YES;
				CLANG_WARN_DIRECT_OBJC_ISA_USAGE = YES_ERROR;
				CLANG_WARN_EMPTY_BODY = YES;
				CLANG_WARN_ENUM_CONVERSION = YES;
				CLANG_WARN_INT_CONVERSION = YES;
				CLANG_WARN_OBJC_ROOT_CLASS = YES_ERROR;
				CLANG_WARN_UNREACHABLE_CODE = YES;
				CLANG_WARN__DUPLICATE_METHOD_MATCH = YES;
				"CODE_SIGN_IDENTITY[sdk=iphoneos*]" = "iPhone Developer";
				COPY_PHASE_STRIP = NO;
				DEBUG_INFORMATION_FORMAT = "dwarf-with-dsym";
				ENABLE_STRICT_OBJC_MSGSEND = YES;
				GCC_C_LANGUAGE_STANDARD = gnu99;
				GCC_DYNAMIC_NO_PIC = NO;
				GCC_NO_COMMON_BLOCKS = YES;
				GCC_OPTIMIZATION_LEVEL = 0;
				GCC_PREPROCESSOR_DEFINITIONS = (
					"DEBUG=1",
					"$(inherited)",
				);
				GCC_SYMBOLS_PRIVATE_EXTERN = NO;
				GCC_WARN_64_TO_32_BIT_CONVERSION = YES;
				GCC_WARN_ABOUT_RETURN_TYPE = YES_ERROR;
				GCC_WARN_UNDECLARED_SELECTOR = YES;
				GCC_WARN_UNINITIALIZED_AUTOS = YES_AGGRESSIVE;
				GCC_WARN_UNUSED_FUNCTION = YES;
				GCC_WARN_UNUSED_VARIABLE = YES;
				IPHONEOS_DEPLOYMENT_TARGET = 8.4;
				MTL_ENABLE_DEBUG_INFO = YES;
				ONLY_ACTIVE_ARCH = YES;
				SDKROOT = iphoneos;
			};
			name = Debug;
		};
		56F5E5F91BA47EA200665E2E /* Release */ = {
			isa = XCBuildConfiguration;
			buildSettings = {
				ALWAYS_SEARCH_USER_PATHS = NO;
				CLANG_CXX_LANGUAGE_STANDARD = "gnu++0x";
				CLANG_CXX_LIBRARY = "libc++";
				CLANG_ENABLE_MODULES = YES;
				CLANG_ENABLE_OBJC_ARC = YES;
				CLANG_WARN_BOOL_CONVERSION = YES;
				CLANG_WARN_CONSTANT_CONVERSION = YES;
				CLANG_WARN_DIRECT_OBJC_ISA_USAGE = YES_ERROR;
				CLANG_WARN_EMPTY_BODY = YES;
				CLANG_WARN_ENUM_CONVERSION = YES;
				CLANG_WARN_INT_CONVERSION = YES;
				CLANG_WARN_OBJC_ROOT_CLASS = YES_ERROR;
				CLANG_WARN_UNREACHABLE_CODE = YES;
				CLANG_WARN__DUPLICATE_METHOD_MATCH = YES;
				"CODE_SIGN_IDENTITY[sdk=iphoneos*]" = "iPhone Developer";
				COPY_PHASE_STRIP = NO;
				DEBUG_INFORMATION_FORMAT = "dwarf-with-dsym";
				ENABLE_NS_ASSERTIONS = NO;
				ENABLE_STRICT_OBJC_MSGSEND = YES;
				GCC_C_LANGUAGE_STANDARD = gnu99;
				GCC_NO_COMMON_BLOCKS = YES;
				GCC_WARN_64_TO_32_BIT_CONVERSION = YES;
				GCC_WARN_ABOUT_RETURN_TYPE = YES_ERROR;
				GCC_WARN_UNDECLARED_SELECTOR = YES;
				GCC_WARN_UNINITIALIZED_AUTOS = YES_AGGRESSIVE;
				GCC_WARN_UNUSED_FUNCTION = YES;
				GCC_WARN_UNUSED_VARIABLE = YES;
				IPHONEOS_DEPLOYMENT_TARGET = 8.4;
				MTL_ENABLE_DEBUG_INFO = NO;
				SDKROOT = iphoneos;
				VALIDATE_PRODUCT = YES;
			};
			name = Release;
		};
		56F5E5FB1BA47EA200665E2E /* Debug */ = {
			isa = XCBuildConfiguration;
			buildSettings = {
				ASSETCATALOG_COMPILER_APPICON_NAME = AppIcon;
				ASSETCATALOG_COMPILER_LAUNCHIMAGE_NAME = LaunchImage;
				CODE_SIGN_IDENTITY = "iPhone Developer";
				FRAMEWORK_SEARCH_PATHS = (
					"$(inherited)",
					/Users/akmodi/Downloads/DragonMobileSDK_1.4.19,
				);
				INFOPLIST_FILE = streampoint/Info.plist;
				LD_RUNPATH_SEARCH_PATHS = "$(inherited) @executable_path/Frameworks";
				PRODUCT_NAME = "$(TARGET_NAME)";
			};
			name = Debug;
		};
		56F5E5FC1BA47EA200665E2E /* Release */ = {
			isa = XCBuildConfiguration;
			buildSettings = {
				ASSETCATALOG_COMPILER_APPICON_NAME = AppIcon;
				ASSETCATALOG_COMPILER_LAUNCHIMAGE_NAME = LaunchImage;
				CODE_SIGN_IDENTITY = "iPhone Developer";
				FRAMEWORK_SEARCH_PATHS = (
					"$(inherited)",
					/Users/akmodi/Downloads/DragonMobileSDK_1.4.19,
				);
				INFOPLIST_FILE = streampoint/Info.plist;
				LD_RUNPATH_SEARCH_PATHS = "$(inherited) @executable_path/Frameworks";
				PRODUCT_NAME = "$(TARGET_NAME)";
			};
			name = Release;
		};
		56F5E5FE1BA47EA200665E2E /* Debug */ = {
			isa = XCBuildConfiguration;
			buildSettings = {
				BUNDLE_LOADER = "$(TEST_HOST)";
				FRAMEWORK_SEARCH_PATHS = (
					"$(SDKROOT)/Developer/Library/Frameworks",
					"$(inherited)",
				);
				GCC_PREPROCESSOR_DEFINITIONS = (
					"DEBUG=1",
					"$(inherited)",
				);
				INFOPLIST_FILE = streampointTests/Info.plist;
				LD_RUNPATH_SEARCH_PATHS = "$(inherited) @executable_path/Frameworks @loader_path/Frameworks";
				PRODUCT_NAME = "$(TARGET_NAME)";
				TEST_HOST = "$(BUILT_PRODUCTS_DIR)/streampoint.app/streampoint";
			};
			name = Debug;
		};
		56F5E5FF1BA47EA200665E2E /* Release */ = {
			isa = XCBuildConfiguration;
			buildSettings = {
				BUNDLE_LOADER = "$(TEST_HOST)";
				FRAMEWORK_SEARCH_PATHS = (
					"$(SDKROOT)/Developer/Library/Frameworks",
					"$(inherited)",
				);
				INFOPLIST_FILE = streampointTests/Info.plist;
				LD_RUNPATH_SEARCH_PATHS = "$(inherited) @executable_path/Frameworks @loader_path/Frameworks";
				PRODUCT_NAME = "$(TARGET_NAME)";
				TEST_HOST = "$(BUILT_PRODUCTS_DIR)/streampoint.app/streampoint";
			};
			name = Release;
		};
/* End XCBuildConfiguration section */

/* Begin XCConfigurationList section */
		56F5E5CF1BA47EA200665E2E /* Build configuration list for PBXProject "streampoint" */ = {
			isa = XCConfigurationList;
			buildConfigurations = (
				56F5E5F81BA47EA200665E2E /* Debug */,
				56F5E5F91BA47EA200665E2E /* Release */,
			);
			defaultConfigurationIsVisible = 0;
			defaultConfigurationName = Release;
		};
		56F5E5FA1BA47EA200665E2E /* Build configuration list for PBXNativeTarget "streampoint" */ = {
			isa = XCConfigurationList;
			buildConfigurations = (
				56F5E5FB1BA47EA200665E2E /* Debug */,
				56F5E5FC1BA47EA200665E2E /* Release */,
			);
			defaultConfigurationIsVisible = 0;
			defaultConfigurationName = Release;
		};
		56F5E5FD1BA47EA200665E2E /* Build configuration list for PBXNativeTarget "streampointTests" */ = {
			isa = XCConfigurationList;
			buildConfigurations = (
				56F5E5FE1BA47EA200665E2E /* Debug */,
				56F5E5FF1BA47EA200665E2E /* Release */,
			);
			defaultConfigurationIsVisible = 0;
			defaultConfigurationName = Release;
		};
/* End XCConfigurationList section */

/* Begin XCVersionGroup section */
		56F5E5DE1BA47EA200665E2E /* streampoint.xcdatamodeld */ = {
			isa = XCVersionGroup;
			children = (
				56F5E5DF1BA47EA200665E2E /* streampoint.xcdatamodel */,
			);
			currentVersion = 56F5E5DF1BA47EA200665E2E /* streampoint.xcdatamodel */;
			path = streampoint.xcdatamodeld;
			sourceTree = "<group>";
			versionGroupType = wrapper.xcdatamodel;
		};
/* End XCVersionGroup section */
	};
	rootObject = 56F5E5CC1BA47EA200665E2E /* Project object */;
}
